
Microsoft Visual Studio Solution File, Format Version 10.00
# Visual Studio 2008
Project("{F184B08F-C81C-45F6-A57F-5ABD9991F28F}") = "POS", "POS.vbproj", "{618BC9E2-619A-4F83-BD33-F61B07267919}"
EndProject
Project("{54435603-DBB4-11D2-8724-00A0C9A8B90C}") = "BluePhoenixPosSetup", "PosSetup\PosSetup.vdproj", "{F1CA1995-2F2C-4F0D-8849-2C5574C0A806}"
EndProject
Global
	GlobalSection(SolutionConfigurationPlatforms) = preSolution
		Debug|Any CPU = Debug|Any CPU
		Release|Any CPU = Release|Any CPU
	EndGlobalSection
	GlobalSection(ProjectConfigurationPlatforms) = postSolution
		{618BC9E2-619A-4F83-BD33-F61B07267919}.Debug|Any CPU.ActiveCfg = Debug|Any CPU
		{618BC9E2-619A-4F83-BD33-F61B07267919}.Debug|Any CPU.Build.0 = Debug|Any CPU
		{618BC9E2-619A-4F83-BD33-F61B07267919}.Release|Any CPU.ActiveCfg = Release|Any CPU
		{618BC9E2-619A-4F83-BD33-F61B07267919}.Release|Any CPU.Build.0 = Release|Any CPU
		{F1CA1995-2F2C-4F0D-8849-2C5574C0A806}.Debug|Any CPU.ActiveCfg = Debug
		{F1CA1995-2F2C-4F0D-8849-2C5574C0A806}.Release|Any CPU.ActiveCfg = Release
	EndGlobalSection
	GlobalSection(SolutionProperties) = preSolution
		HideSolutionNode = FALSE
	EndGlobalSection
EndGlobal
